
Microsoft Visual Studio Solution File, Format Version 12.00
# Visual Studio Version 16
VisualStudioVersion = 16.0.29418.71
MinimumVisualStudioVersion = 10.0.40219.1
Project("{FAE04EC0-301F-11D3-BF4B-00C04F79EFBC}") = "movieedb", "movieedb.csproj", "{BC8FCBFA-408C-4B05-9394-A6F544CE426B}"
EndProject
Global
	GlobalSection(SolutionConfigurationPlatforms) = preSolution
		Debug|Any CPU = Debug|Any CPU
		Release|Any CPU = Release|Any CPU
	EndGlobalSection
	GlobalSection(ProjectConfigurationPlatforms) = postSolution
		{BC8FCBFA-408C-4B05-9394-A6F544CE426B}.Debug|Any CPU.ActiveCfg = Debug|Any CPU
		{BC8FCBFA-408C-4B05-9394-A6F544CE426B}.Debug|Any CPU.Build.0 = Debug|Any CPU
		{BC8FCBFA-408C-4B05-9394-A6F544CE426B}.Release|Any CPU.ActiveCfg = Release|Any CPU
		{BC8FCBFA-408C-4B05-9394-A6F544CE426B}.Release|Any CPU.Build.0 = Release|Any CPU
	EndGlobalSection
	GlobalSection(SolutionProperties) = preSolution
		HideSolutionNode = FALSE
	EndGlobalSection
	GlobalSection(ExtensibilityGlobals) = postSolution
		SolutionGuid = {C148E282-D796-4D2D-B093-0F5A65102D42}
	EndGlobalSection
EndGlobal
